
Microsoft Visual Studio Solution File, Format Version 12.00
# Visual Studio Version 16
VisualStudioVersion = 16.0.31402.337
MinimumVisualStudioVersion = 10.0.40219.1
Project("{9A19103F-16F7-4668-BE54-9A1E7A4F7556}") = "ConsoleApp1", "ConsoleApp1.csproj", "{6B67D8FE-1C46-495D-BB4E-623A87F0057E}"
EndProject
Global
	GlobalSection(SolutionConfigurationPlatforms) = preSolution
		Debug|Any CPU = Debug|Any CPU
		Release|Any CPU = Release|Any CPU
	EndGlobalSection
	GlobalSection(ProjectConfigurationPlatforms) = postSolution
		{6B67D8FE-1C46-495D-BB4E-623A87F0057E}.Debug|Any CPU.ActiveCfg = Debug|Any CPU
		{6B67D8FE-1C46-495D-BB4E-623A87F0057E}.Debug|Any CPU.Build.0 = Debug|Any CPU
		{6B67D8FE-1C46-495D-BB4E-623A87F0057E}.Release|Any CPU.ActiveCfg = Release|Any CPU
		{6B67D8FE-1C46-495D-BB4E-623A87F0057E}.Release|Any CPU.Build.0 = Release|Any CPU
	EndGlobalSection
	GlobalSection(SolutionProperties) = preSolution
		HideSolutionNode = FALSE
	EndGlobalSection
	GlobalSection(ExtensibilityGlobals) = postSolution
		SolutionGuid = {EA88A97D-60A7-490E-A57F-CF53920A3731}
	EndGlobalSection
EndGlobal
